
Microsoft Visual Studio Solution File, Format Version 12.00
# Visual Studio Version 17
VisualStudioVersion = 17.14.36623.8
MinimumVisualStudioVersion = 10.0.40219.1
Project("{FAE04EC0-301F-11D3-BF4B-00C04F79EFBC}") = "FinalProject", "FinalProject\FinalProject.csproj", "{5B89F54F-069B-4999-87AC-45EA4BAAA538}"
EndProject
Project("{54435603-DBB4-11D2-8724-00A0C9A8B90C}") = "SmartInventorySetup", "SmartInventorySetup\SmartInventorySetup.vdproj", "{988E6ABB-037F-9D20-F5C6-5D8283200547}"
EndProject
Global
	GlobalSection(SolutionConfigurationPlatforms) = preSolution
		Debug|Any CPU = Debug|Any CPU
		Debug|x64 = Debug|x64
		Release|Any CPU = Release|Any CPU
		Release|x64 = Release|x64
	EndGlobalSection
	GlobalSection(ProjectConfigurationPlatforms) = postSolution
		{5B89F54F-069B-4999-87AC-45EA4BAAA538}.Debug|Any CPU.ActiveCfg = Debug|Any CPU
		{5B89F54F-069B-4999-87AC-45EA4BAAA538}.Debug|Any CPU.Build.0 = Debug|Any CPU
		{5B89F54F-069B-4999-87AC-45EA4BAAA538}.Debug|x64.ActiveCfg = Debug|x64
		{5B89F54F-069B-4999-87AC-45EA4BAAA538}.Debug|x64.Build.0 = Debug|x64
		{5B89F54F-069B-4999-87AC-45EA4BAAA538}.Release|Any CPU.ActiveCfg = Release|Any CPU
		{5B89F54F-069B-4999-87AC-45EA4BAAA538}.Release|Any CPU.Build.0 = Release|Any CPU
		{5B89F54F-069B-4999-87AC-45EA4BAAA538}.Release|x64.ActiveCfg = Release|x64
		{5B89F54F-069B-4999-87AC-45EA4BAAA538}.Release|x64.Build.0 = Release|x64
		{988E6ABB-037F-9D20-F5C6-5D8283200547}.Debug|Any CPU.ActiveCfg = Debug
		{988E6ABB-037F-9D20-F5C6-5D8283200547}.Debug|x64.ActiveCfg = Debug
		{988E6ABB-037F-9D20-F5C6-5D8283200547}.Debug|x64.Build.0 = Debug
		{988E6ABB-037F-9D20-F5C6-5D8283200547}.Release|Any CPU.ActiveCfg = Release
		{988E6ABB-037F-9D20-F5C6-5D8283200547}.Release|x64.ActiveCfg = Release
		{988E6ABB-037F-9D20-F5C6-5D8283200547}.Release|x64.Build.0 = Release
	EndGlobalSection
	GlobalSection(SolutionProperties) = preSolution
		HideSolutionNode = FALSE
	EndGlobalSection
	GlobalSection(ExtensibilityGlobals) = postSolution
		SolutionGuid = {B0B5731C-5A5D-455E-A04E-72E6E892B316}
	EndGlobalSection
EndGlobal
